
Microsoft Visual Studio Solution File, Format Version 12.00
Project("{FAE04EC0-301F-11D3-BF4B-00C04F79EFBC}") = "AvaloniaFramebuffer", "AvaloniaFramebuffer\AvaloniaFramebuffer.csproj", "{CDEBC94B-195E-45E5-90E3-D525552C68B2}"
EndProject
Global
	GlobalSection(SolutionConfigurationPlatforms) = preSolution
		Debug|Any CPU = Debug|Any CPU
		Release|Any CPU = Release|Any CPU
	EndGlobalSection
	GlobalSection(ProjectConfigurationPlatforms) = postSolution
		{CDEBC94B-195E-45E5-90E3-D525552C68B2}.Debug|Any CPU.ActiveCfg = Debug|Any CPU
		{CDEBC94B-195E-45E5-90E3-D525552C68B2}.Debug|Any CPU.Build.0 = Debug|Any CPU
		{CDEBC94B-195E-45E5-90E3-D525552C68B2}.Release|Any CPU.ActiveCfg = Release|Any CPU
		{CDEBC94B-195E-45E5-90E3-D525552C68B2}.Release|Any CPU.Build.0 = Release|Any CPU
	EndGlobalSection
EndGlobal
